
Microsoft Visual Studio Solution File, Format Version 12.00
# Visual Studio 15
VisualStudioVersion = 15.0.28010.2019
MinimumVisualStudioVersion = 10.0.40219.1
Project("{FAE04EC0-301F-11D3-BF4B-00C04F79EFBC}") = "MyDemo.Api", "MyDemo.Api\MyDemo.Api.csproj", "{D34E5D33-350F-4D24-9091-9D15CD20C6F8}"
EndProject
Global
	GlobalSection(SolutionConfigurationPlatforms) = preSolution
		Debug|Any CPU = Debug|Any CPU
		Release|Any CPU = Release|Any CPU
	EndGlobalSection
	GlobalSection(ProjectConfigurationPlatforms) = postSolution
		{D34E5D33-350F-4D24-9091-9D15CD20C6F8}.Debug|Any CPU.ActiveCfg = Debug|Any CPU
		{D34E5D33-350F-4D24-9091-9D15CD20C6F8}.Debug|Any CPU.Build.0 = Debug|Any CPU
		{D34E5D33-350F-4D24-9091-9D15CD20C6F8}.Release|Any CPU.ActiveCfg = Release|Any CPU
		{D34E5D33-350F-4D24-9091-9D15CD20C6F8}.Release|Any CPU.Build.0 = Release|Any CPU
	EndGlobalSection
	GlobalSection(SolutionProperties) = preSolution
		HideSolutionNode = FALSE
	EndGlobalSection
	GlobalSection(ExtensibilityGlobals) = postSolution
		SolutionGuid = {0925DCC1-ECCB-4C12-A36A-4A5450236BB8}
	EndGlobalSection
EndGlobal
